
Microsoft Visual Studio Solution File, Format Version 12.00
Project("{FAE04EC0-301F-11D3-BF4B-00C04F79EFBC}") = "ReaderDigest.LocationService", "ReaderDigest.LocationService\ReaderDigest.LocationService.csproj", "{4BF37972-C4C3-40C0-9C68-59184A3096E7}"
EndProject
Project("{FAE04EC0-301F-11D3-BF4B-00C04F79EFBC}") = "ReaderDigest.GooglePageService", "ReaderDigest.GooglePageService\ReaderDigest.GooglePageService.csproj", "{A9914524-727E-41CA-9C20-425C6B63D3FD}"
EndProject
Project("{FAE04EC0-301F-11D3-BF4B-00C04F79EFBC}") = "ReaderDigest.GoogleMapInfo", "ReaderDigest.GoogleMapInfo\ReaderDigest.GoogleMapInfo.csproj", "{BCC43DB0-E5EC-4B5B-84D9-912706975511}"
EndProject
Project("{FAE04EC0-301F-11D3-BF4B-00C04F79EFBC}") = "ReaderDigest.WebApi", "ReaderDigest.WebApi\ReaderDigest.WebApi.csproj", "{B6431F5B-F672-4829-B8CE-6B92E5E18D6C}"
EndProject
Project("{FAE04EC0-301F-11D3-BF4B-00C04F79EFBC}") = "ReaderDigest.GpsService", "ReaderDigest.GpsService\ReaderDigest.GpsService.csproj", "{608365D6-59DB-4D15-8B81-6FDF5B2299C0}"
EndProject
Global
	GlobalSection(SolutionConfigurationPlatforms) = preSolution
		Debug|Any CPU = Debug|Any CPU
		Release|Any CPU = Release|Any CPU
	EndGlobalSection
	GlobalSection(ProjectConfigurationPlatforms) = postSolution
		{4BF37972-C4C3-40C0-9C68-59184A3096E7}.Debug|Any CPU.ActiveCfg = Debug|Any CPU
		{4BF37972-C4C3-40C0-9C68-59184A3096E7}.Debug|Any CPU.Build.0 = Debug|Any CPU
		{4BF37972-C4C3-40C0-9C68-59184A3096E7}.Release|Any CPU.ActiveCfg = Release|Any CPU
		{4BF37972-C4C3-40C0-9C68-59184A3096E7}.Release|Any CPU.Build.0 = Release|Any CPU
		{A9914524-727E-41CA-9C20-425C6B63D3FD}.Debug|Any CPU.ActiveCfg = Debug|Any CPU
		{A9914524-727E-41CA-9C20-425C6B63D3FD}.Debug|Any CPU.Build.0 = Debug|Any CPU
		{A9914524-727E-41CA-9C20-425C6B63D3FD}.Release|Any CPU.ActiveCfg = Release|Any CPU
		{A9914524-727E-41CA-9C20-425C6B63D3FD}.Release|Any CPU.Build.0 = Release|Any CPU
		{BCC43DB0-E5EC-4B5B-84D9-912706975511}.Debug|Any CPU.ActiveCfg = Debug|Any CPU
		{BCC43DB0-E5EC-4B5B-84D9-912706975511}.Debug|Any CPU.Build.0 = Debug|Any CPU
		{BCC43DB0-E5EC-4B5B-84D9-912706975511}.Release|Any CPU.ActiveCfg = Release|Any CPU
		{BCC43DB0-E5EC-4B5B-84D9-912706975511}.Release|Any CPU.Build.0 = Release|Any CPU
		{B6431F5B-F672-4829-B8CE-6B92E5E18D6C}.Debug|Any CPU.ActiveCfg = Debug|Any CPU
		{B6431F5B-F672-4829-B8CE-6B92E5E18D6C}.Debug|Any CPU.Build.0 = Debug|Any CPU
		{B6431F5B-F672-4829-B8CE-6B92E5E18D6C}.Release|Any CPU.ActiveCfg = Release|Any CPU
		{B6431F5B-F672-4829-B8CE-6B92E5E18D6C}.Release|Any CPU.Build.0 = Release|Any CPU
		{608365D6-59DB-4D15-8B81-6FDF5B2299C0}.Debug|Any CPU.ActiveCfg = Debug|Any CPU
		{608365D6-59DB-4D15-8B81-6FDF5B2299C0}.Debug|Any CPU.Build.0 = Debug|Any CPU
		{608365D6-59DB-4D15-8B81-6FDF5B2299C0}.Release|Any CPU.ActiveCfg = Release|Any CPU
		{608365D6-59DB-4D15-8B81-6FDF5B2299C0}.Release|Any CPU.Build.0 = Release|Any CPU
	EndGlobalSection
EndGlobal
